
Microsoft Visual Studio Solution File, Format Version 11.00
# Visual Studio 2010
Project("{2150E333-8FDC-42A3-9474-1A3956D46DE8}") = "Solution", "Solution", "{2D5E0A30-FC6C-493C-A756-D5E889809407}"
EndProject
Project("{2150E333-8FDC-42A3-9474-1A3956D46DE8}") = "Clients", "Clients", "{DE3B6078-DB3E-4A14-9AD6-5CC97E4A67ED}"
EndProject
Project("{FAE04EC0-301F-11D3-BF4B-00C04F79EFBC}") = "zxing.micro", "Source\lib\zxing.micro.csproj", "{8B32EE0B-9778-4D8A-992E-B0557771FD5E}"
EndProject
Project("{FAE04EC0-301F-11D3-BF4B-00C04F79EFBC}") = "zxing.micro.qrcode", "Source\lib\zxing.micro.qrcode.csproj", "{ABA90E33-4B66-4248-8C97-B87912CD3339}"
EndProject
Project("{FAE04EC0-301F-11D3-BF4B-00C04F79EFBC}") = "zxing.micro.aztec", "Source\lib\zxing.micro.aztec.csproj", "{C023D683-771F-4EDF-9D5C-58E1044409C1}"
EndProject
Project("{FAE04EC0-301F-11D3-BF4B-00C04F79EFBC}") = "zxing.micro.datamatrix", "Source\lib\zxing.micro.datamatrix.csproj", "{59BC6152-C0D3-42DA-9D69-769A984820B5}"
EndProject
Project("{FAE04EC0-301F-11D3-BF4B-00C04F79EFBC}") = "zxing.micro.maxicode", "Source\lib\zxing.micro.maxicode.csproj", "{9A575863-EF18-40A3-9DFB-1AA56B4464D7}"
EndProject
Project("{FAE04EC0-301F-11D3-BF4B-00C04F79EFBC}") = "zxing.micro.oned", "Source\lib\zxing.micro.oned.csproj", "{823BF459-E261-4C29-9B12-CD563C49B5EF}"
EndProject
Project("{FAE04EC0-301F-11D3-BF4B-00C04F79EFBC}") = "zxing.micro.pdf417", "Source\lib\zxing.micro.pdf417.csproj", "{24DC7A8B-7D43-4704-A749-71514E3D0B7F}"
EndProject
Project("{FAE04EC0-301F-11D3-BF4B-00C04F79EFBC}") = "MicroFrameworkDemo", "Clients\MicroFrameworkDemo\MicroFrameworkDemo.csproj", "{8891EB77-7229-4FD2-8CAF-3A08B65F5985}"
EndProject
Project("{FAE04EC0-301F-11D3-BF4B-00C04F79EFBC}") = "zxing.micro.qrcode.encoding", "Source\lib\zxing.micro.qrcode.encoding.csproj", "{D6A4D6CC-2D37-4D74-BCB7-7B554A9F42B4}"
EndProject
Global
	GlobalSection(SubversionScc) = preSolution
		Svn-Managed = True
		Manager = AnkhSVN - Subversion Support for Visual Studio
	EndGlobalSection
	GlobalSection(SolutionConfigurationPlatforms) = preSolution
		Debug|Any CPU = Debug|Any CPU
		Debug|Mixed Platforms = Debug|Mixed Platforms
		Debug|x86 = Debug|x86
		Release|Any CPU = Release|Any CPU
		Release|Mixed Platforms = Release|Mixed Platforms
		Release|x86 = Release|x86
	EndGlobalSection
	GlobalSection(ProjectConfigurationPlatforms) = postSolution
		{8B32EE0B-9778-4D8A-992E-B0557771FD5E}.Debug|Any CPU.ActiveCfg = Debug|Any CPU
		{8B32EE0B-9778-4D8A-992E-B0557771FD5E}.Debug|Any CPU.Build.0 = Debug|Any CPU
		{8B32EE0B-9778-4D8A-992E-B0557771FD5E}.Debug|Mixed Platforms.ActiveCfg = Debug|Any CPU
		{8B32EE0B-9778-4D8A-992E-B0557771FD5E}.Debug|x86.ActiveCfg = Debug|Any CPU
		{8B32EE0B-9778-4D8A-992E-B0557771FD5E}.Release|Any CPU.ActiveCfg = Release|Any CPU
		{8B32EE0B-9778-4D8A-992E-B0557771FD5E}.Release|Any CPU.Build.0 = Release|Any CPU
		{8B32EE0B-9778-4D8A-992E-B0557771FD5E}.Release|Mixed Platforms.ActiveCfg = Release|Any CPU
		{8B32EE0B-9778-4D8A-992E-B0557771FD5E}.Release|x86.ActiveCfg = Release|Any CPU
		{ABA90E33-4B66-4248-8C97-B87912CD3339}.Debug|Any CPU.ActiveCfg = Debug|Any CPU
		{ABA90E33-4B66-4248-8C97-B87912CD3339}.Debug|Any CPU.Build.0 = Debug|Any CPU
		{ABA90E33-4B66-4248-8C97-B87912CD3339}.Debug|Mixed Platforms.ActiveCfg = Debug|Any CPU
		{ABA90E33-4B66-4248-8C97-B87912CD3339}.Debug|Mixed Platforms.Build.0 = Debug|Any CPU
		{ABA90E33-4B66-4248-8C97-B87912CD3339}.Debug|x86.ActiveCfg = Debug|Any CPU
		{ABA90E33-4B66-4248-8C97-B87912CD3339}.Release|Any CPU.ActiveCfg = Release|Any CPU
		{ABA90E33-4B66-4248-8C97-B87912CD3339}.Release|Any CPU.Build.0 = Release|Any CPU
		{ABA90E33-4B66-4248-8C97-B87912CD3339}.Release|Mixed Platforms.ActiveCfg = Release|Any CPU
		{ABA90E33-4B66-4248-8C97-B87912CD3339}.Release|Mixed Platforms.Build.0 = Release|Any CPU
		{ABA90E33-4B66-4248-8C97-B87912CD3339}.Release|x86.ActiveCfg = Release|Any CPU
		{C023D683-771F-4EDF-9D5C-58E1044409C1}.Debug|Any CPU.ActiveCfg = Debug|Any CPU
		{C023D683-771F-4EDF-9D5C-58E1044409C1}.Debug|Any CPU.Build.0 = Debug|Any CPU
		{C023D683-771F-4EDF-9D5C-58E1044409C1}.Debug|Mixed Platforms.ActiveCfg = Debug|Any CPU
		{C023D683-771F-4EDF-9D5C-58E1044409C1}.Debug|Mixed Platforms.Build.0 = Debug|Any CPU
		{C023D683-771F-4EDF-9D5C-58E1044409C1}.Debug|x86.ActiveCfg = Debug|Any CPU
		{C023D683-771F-4EDF-9D5C-58E1044409C1}.Release|Any CPU.ActiveCfg = Release|Any CPU
		{C023D683-771F-4EDF-9D5C-58E1044409C1}.Release|Any CPU.Build.0 = Release|Any CPU
		{C023D683-771F-4EDF-9D5C-58E1044409C1}.Release|Mixed Platforms.ActiveCfg = Release|Any CPU
		{C023D683-771F-4EDF-9D5C-58E1044409C1}.Release|Mixed Platforms.Build.0 = Release|Any CPU
		{C023D683-771F-4EDF-9D5C-58E1044409C1}.Release|x86.ActiveCfg = Release|Any CPU
		{59BC6152-C0D3-42DA-9D69-769A984820B5}.Debug|Any CPU.ActiveCfg = Debug|Any CPU
		{59BC6152-C0D3-42DA-9D69-769A984820B5}.Debug|Any CPU.Build.0 = Debug|Any CPU
		{59BC6152-C0D3-42DA-9D69-769A984820B5}.Debug|Mixed Platforms.ActiveCfg = Debug|Any CPU
		{59BC6152-C0D3-42DA-9D69-769A984820B5}.Debug|Mixed Platforms.Build.0 = Debug|Any CPU
		{59BC6152-C0D3-42DA-9D69-769A984820B5}.Debug|x86.ActiveCfg = Debug|Any CPU
		{59BC6152-C0D3-42DA-9D69-769A984820B5}.Release|Any CPU.ActiveCfg = Release|Any CPU
		{59BC6152-C0D3-42DA-9D69-769A984820B5}.Release|Any CPU.Build.0 = Release|Any CPU
		{59BC6152-C0D3-42DA-9D69-769A984820B5}.Release|Mixed Platforms.ActiveCfg = Release|Any CPU
		{59BC6152-C0D3-42DA-9D69-769A984820B5}.Release|Mixed Platforms.Build.0 = Release|Any CPU
		{59BC6152-C0D3-42DA-9D69-769A984820B5}.Release|x86.ActiveCfg = Release|Any CPU
		{9A575863-EF18-40A3-9DFB-1AA56B4464D7}.Debug|Any CPU.ActiveCfg = Debug|Any CPU
		{9A575863-EF18-40A3-9DFB-1AA56B4464D7}.Debug|Any CPU.Build.0 = Debug|Any CPU
		{9A575863-EF18-40A3-9DFB-1AA56B4464D7}.Debug|Mixed Platforms.ActiveCfg = Debug|Any CPU
		{9A575863-EF18-40A3-9DFB-1AA56B4464D7}.Debug|Mixed Platforms.Build.0 = Debug|Any CPU
		{9A575863-EF18-40A3-9DFB-1AA56B4464D7}.Debug|x86.ActiveCfg = Debug|Any CPU
		{9A575863-EF18-40A3-9DFB-1AA56B4464D7}.Release|Any CPU.ActiveCfg = Release|Any CPU
		{9A575863-EF18-40A3-9DFB-1AA56B4464D7}.Release|Any CPU.Build.0 = Release|Any CPU
		{9A575863-EF18-40A3-9DFB-1AA56B4464D7}.Release|Mixed Platforms.ActiveCfg = Release|Any CPU
		{9A575863-EF18-40A3-9DFB-1AA56B4464D7}.Release|Mixed Platforms.Build.0 = Release|Any CPU
		{9A575863-EF18-40A3-9DFB-1AA56B4464D7}.Release|x86.ActiveCfg = Release|Any CPU
		{823BF459-E261-4C29-9B12-CD563C49B5EF}.Debug|Any CPU.ActiveCfg = Debug|Any CPU
		{823BF459-E261-4C29-9B12-CD563C49B5EF}.Debug|Any CPU.Build.0 = Debug|Any CPU
		{823BF459-E261-4C29-9B12-CD563C49B5EF}.Debug|Mixed Platforms.ActiveCfg = Debug|Any CPU
		{823BF459-E261-4C29-9B12-CD563C49B5EF}.Debug|Mixed Platforms.Build.0 = Debug|Any CPU
		{823BF459-E261-4C29-9B12-CD563C49B5EF}.Debug|x86.ActiveCfg = Debug|Any CPU
		{823BF459-E261-4C29-9B12-CD563C49B5EF}.Release|Any CPU.ActiveCfg = Release|Any CPU
		{823BF459-E261-4C29-9B12-CD563C49B5EF}.Release|Any CPU.Build.0 = Release|Any CPU
		{823BF459-E261-4C29-9B12-CD563C49B5EF}.Release|Mixed Platforms.ActiveCfg = Release|Any CPU
		{823BF459-E261-4C29-9B12-CD563C49B5EF}.Release|Mixed Platforms.Build.0 = Release|Any CPU
		{823BF459-E261-4C29-9B12-CD563C49B5EF}.Release|x86.ActiveCfg = Release|Any CPU
		{24DC7A8B-7D43-4704-A749-71514E3D0B7F}.Debug|Any CPU.ActiveCfg = Debug|Any CPU
		{24DC7A8B-7D43-4704-A749-71514E3D0B7F}.Debug|Any CPU.Build.0 = Debug|Any CPU
		{24DC7A8B-7D43-4704-A749-71514E3D0B7F}.Debug|Mixed Platforms.ActiveCfg = Debug|Any CPU
		{24DC7A8B-7D43-4704-A749-71514E3D0B7F}.Debug|x86.ActiveCfg = Debug|Any CPU
		{24DC7A8B-7D43-4704-A749-71514E3D0B7F}.Release|Any CPU.ActiveCfg = Release|Any CPU
		{24DC7A8B-7D43-4704-A749-71514E3D0B7F}.Release|Any CPU.Build.0 = Release|Any CPU
		{24DC7A8B-7D43-4704-A749-71514E3D0B7F}.Release|Mixed Platforms.ActiveCfg = Release|Any CPU
		{24DC7A8B-7D43-4704-A749-71514E3D0B7F}.Release|x86.ActiveCfg = Release|Any CPU
		{8891EB77-7229-4FD2-8CAF-3A08B65F5985}.Debug|Any CPU.ActiveCfg = Debug|Any CPU
		{8891EB77-7229-4FD2-8CAF-3A08B65F5985}.Debug|Any CPU.Build.0 = Debug|Any CPU
		{8891EB77-7229-4FD2-8CAF-3A08B65F5985}.Debug|Any CPU.Deploy.0 = Debug|Any CPU
		{8891EB77-7229-4FD2-8CAF-3A08B65F5985}.Debug|Mixed Platforms.ActiveCfg = Debug|Any CPU
		{8891EB77-7229-4FD2-8CAF-3A08B65F5985}.Debug|Mixed Platforms.Build.0 = Debug|Any CPU
		{8891EB77-7229-4FD2-8CAF-3A08B65F5985}.Debug|Mixed Platforms.Deploy.0 = Debug|Any CPU
		{8891EB77-7229-4FD2-8CAF-3A08B65F5985}.Debug|x86.ActiveCfg = Debug|Any CPU
		{8891EB77-7229-4FD2-8CAF-3A08B65F5985}.Release|Any CPU.ActiveCfg = Release|Any CPU
		{8891EB77-7229-4FD2-8CAF-3A08B65F5985}.Release|Any CPU.Build.0 = Release|Any CPU
		{8891EB77-7229-4FD2-8CAF-3A08B65F5985}.Release|Any CPU.Deploy.0 = Release|Any CPU
		{8891EB77-7229-4FD2-8CAF-3A08B65F5985}.Release|Mixed Platforms.ActiveCfg = Release|Any CPU
		{8891EB77-7229-4FD2-8CAF-3A08B65F5985}.Release|Mixed Platforms.Build.0 = Release|Any CPU
		{8891EB77-7229-4FD2-8CAF-3A08B65F5985}.Release|Mixed Platforms.Deploy.0 = Release|Any CPU
		{8891EB77-7229-4FD2-8CAF-3A08B65F5985}.Release|x86.ActiveCfg = Release|Any CPU
		{D6A4D6CC-2D37-4D74-BCB7-7B554A9F42B4}.Debug|Any CPU.ActiveCfg = Debug|Any CPU
		{D6A4D6CC-2D37-4D74-BCB7-7B554A9F42B4}.Debug|Any CPU.Build.0 = Debug|Any CPU
		{D6A4D6CC-2D37-4D74-BCB7-7B554A9F42B4}.Debug|Mixed Platforms.ActiveCfg = Debug|Any CPU
		{D6A4D6CC-2D37-4D74-BCB7-7B554A9F42B4}.Debug|Mixed Platforms.Build.0 = Debug|Any CPU
		{D6A4D6CC-2D37-4D74-BCB7-7B554A9F42B4}.Debug|x86.ActiveCfg = Debug|Any CPU
		{D6A4D6CC-2D37-4D74-BCB7-7B554A9F42B4}.Release|Any CPU.ActiveCfg = Release|Any CPU
		{D6A4D6CC-2D37-4D74-BCB7-7B554A9F42B4}.Release|Any CPU.Build.0 = Release|Any CPU
		{D6A4D6CC-2D37-4D74-BCB7-7B554A9F42B4}.Release|Mixed Platforms.ActiveCfg = Release|Any CPU
		{D6A4D6CC-2D37-4D74-BCB7-7B554A9F42B4}.Release|Mixed Platforms.Build.0 = Release|Any CPU
		{D6A4D6CC-2D37-4D74-BCB7-7B554A9F42B4}.Release|x86.ActiveCfg = Release|Any CPU
	EndGlobalSection
	GlobalSection(SolutionProperties) = preSolution
		HideSolutionNode = FALSE
	EndGlobalSection
	GlobalSection(NestedProjects) = preSolution
		{8891EB77-7229-4FD2-8CAF-3A08B65F5985} = {DE3B6078-DB3E-4A14-9AD6-5CC97E4A67ED}
	EndGlobalSection
EndGlobal
